
Microsoft Visual Studio Solution File, Format Version 11.00
# Visual Studio 2010
Project("{FAE04EC0-301F-11D3-BF4B-00C04F79EFBC}") = "E-Macs-Term-0.1", "E-Macs-Term-0.1.csproj", "{DD671B5C-C348-40C4-9A63-D07C6024ED14}"
EndProject
Global
	GlobalSection(SolutionConfigurationPlatforms) = preSolution
		Debug|x86 = Debug|x86
		Release|x86 = Release|x86
	EndGlobalSection
	GlobalSection(ProjectConfigurationPlatforms) = postSolution
		{DD671B5C-C348-40C4-9A63-D07C6024ED14}.Debug|x86.ActiveCfg = Debug|x86
		{DD671B5C-C348-40C4-9A63-D07C6024ED14}.Debug|x86.Build.0 = Debug|x86
		{DD671B5C-C348-40C4-9A63-D07C6024ED14}.Release|x86.ActiveCfg = Release|x86
		{DD671B5C-C348-40C4-9A63-D07C6024ED14}.Release|x86.Build.0 = Release|x86
	EndGlobalSection
	GlobalSection(MonoDevelopProperties) = preSolution
		StartupItem = E-Macs-Term-0.1.csproj
	EndGlobalSection
EndGlobal
